
Microsoft Visual Studio Solution File, Format Version 12.00
# Visual Studio Version 16
VisualStudioVersion = 16.0.32929.386
MinimumVisualStudioVersion = 10.0.40219.1
Project("{8BC9CEB8-8B4A-11D0-8D11-00A0C91BC942}") = "Quanlynhansu", "Quanlynhansu\Quanlynhansu.vcxproj", "{CCA5BA8B-5192-4555-B29F-55D1EDA28B92}"
EndProject
Global
	GlobalSection(SolutionConfigurationPlatforms) = preSolution
		Debug|x64 = Debug|x64
		Debug|x86 = Debug|x86
		Release|x64 = Release|x64
		Release|x86 = Release|x86
	EndGlobalSection
	GlobalSection(ProjectConfigurationPlatforms) = postSolution
		{CCA5BA8B-5192-4555-B29F-55D1EDA28B92}.Debug|x64.ActiveCfg = Debug|x64
		{CCA5BA8B-5192-4555-B29F-55D1EDA28B92}.Debug|x64.Build.0 = Debug|x64
		{CCA5BA8B-5192-4555-B29F-55D1EDA28B92}.Debug|x86.ActiveCfg = Debug|Win32
		{CCA5BA8B-5192-4555-B29F-55D1EDA28B92}.Debug|x86.Build.0 = Debug|Win32
		{CCA5BA8B-5192-4555-B29F-55D1EDA28B92}.Release|x64.ActiveCfg = Release|x64
		{CCA5BA8B-5192-4555-B29F-55D1EDA28B92}.Release|x64.Build.0 = Release|x64
		{CCA5BA8B-5192-4555-B29F-55D1EDA28B92}.Release|x86.ActiveCfg = Release|Win32
		{CCA5BA8B-5192-4555-B29F-55D1EDA28B92}.Release|x86.Build.0 = Release|Win32
	EndGlobalSection
	GlobalSection(SolutionProperties) = preSolution
		HideSolutionNode = FALSE
	EndGlobalSection
	GlobalSection(ExtensibilityGlobals) = postSolution
		SolutionGuid = {2FF6499E-0CEC-42E8-92AC-42F956301D98}
	EndGlobalSection
EndGlobal
